// !$*UTF8*$!
{
	archiveVersion = 1;
	classes = {
	};
	objectVersion = 46;
	objects = {

/* Begin PBXBuildFile section */
		3C148BC91DB5C82100A098E4 /* apple1.png in Resources */ = {isa = PBXBuildFile; fileRef = 3C148BC81DB5C82100A098E4 /* apple1.png */; };
		3CB165421DB4CCD2000B3E9C /* ViewController.m in Sources */ = {isa = PBXBuildFile; fileRef = D2CCBE7B1DB4932C00A0304B /* ViewController.m */; };
		D2CCBE761DB4932B00A0304B /* main.m in Sources */ = {isa = PBXBuildFile; fileRef = D2CCBE751DB4932B00A0304B /* main.m */; };
		D2CCBE791DB4932C00A0304B /* AppDelegate.m in Sources */ = {isa = PBXBuildFile; fileRef = D2CCBE781DB4932C00A0304B /* AppDelegate.m */; };
		D2CCBE7F1DB4932C00A0304B /* Main.storyboard in Resources */ = {isa = PBXBuildFile; fileRef = D2CCBE7D1DB4932C00A0304B /* Main.storyboard */; };
		D2CCBE821DB4932C00A0304B /* Login.xcdatamodeld in Sources */ = {isa = PBXBuildFile; fileRef = D2CCBE801DB4932C00A0304B /* Login.xcdatamodeld */; };
		D2CCBE841DB4932C00A0304B /* Assets.xcassets in Resources */ = {isa = PBXBuildFile; fileRef = D2CCBE831DB4932C00A0304B /* Assets.xcassets */; };
		D2CCBE871DB4932C00A0304B /* LaunchScreen.storyboard in Resources */ = {isa = PBXBuildFile; fileRef = D2CCBE851DB4932C00A0304B /* LaunchScreen.storyboard */; };
		D2CCBE921DB4932C00A0304B /* LoginTests.m in Sources */ = {isa = PBXBuildFile; fileRef = D2CCBE911DB4932C00A0304B /* LoginTests.m */; };
		D2CCBE9D1DB4932C00A0304B /* LoginUITests.m in Sources */ = {isa = PBXBuildFile; fileRef = D2CCBE9C1DB4932C00A0304B /* LoginUITests.m */; };
		D2CCBEAC1DB4A5D900A0304B /* login.m in Sources */ = {isa = PBXBuildFile; fileRef = D2CCBEAB1DB4A5D900A0304B /* login.m */; };
/* End PBXBuildFile section */

/* Begin PBXContainerItemProxy section */
		D2CCBE8E1DB4932C00A0304B /* PBXContainerItemProxy */ = {
			isa = PBXContainerItemProxy;
			containerPortal = D2CCBE691DB4932B00A0304B /* Project object */;
			proxyType = 1;
			remoteGlobalIDString = D2CCBE701DB4932B00A0304B;
			remoteInfo = Login;
		};
		D2CCBE991DB4932C00A0304B /* PBXContainerItemProxy */ = {
			isa = PBXContainerItemProxy;
			containerPortal = D2CCBE691DB4932B00A0304B /* Project object */;
			proxyType = 1;
			remoteGlobalIDString = D2CCBE701DB4932B00A0304B;
			remoteInfo = Login;
		};
/* End PBXContainerItemProxy section */

/* Begin PBXFileReference section */
		3C148BC81DB5C82100A098E4 /* apple1.png */ = {isa = PBXFileReference; lastKnownFileType = image.png; path = apple1.png; sourceTree = "<group>"; };
		D2CCBE711DB4932B00A0304B /* Login.app */ = {isa = PBXFileReference; explicitFileType = wrapper.application; includeInIndex = 0; path = Login.app; sourceTree = BUILT_PRODUCTS_DIR; };
		D2CCBE751DB4932B00A0304B /* main.m */ = {isa = PBXFileReference; lastKnownFileType = sourcecode.c.objc; path = main.m; sourceTree = "<group>"; };
		D2CCBE771DB4932C00A0304B /* AppDelegate.h */ = {isa = PBXFileReference; lastKnownFileType = sourcecode.c.h; path = AppDelegate.h; sourceTree = "<group>"; };
		D2CCBE781DB4932C00A0304B /* AppDelegate.m */ = {isa = PBXFileReference; lastKnownFileType = sourcecode.c.objc; path = AppDelegate.m; sourceTree = "<group>"; };
		D2CCBE7A1DB4932C00A0304B /* ViewController.h */ = {isa = PBXFileReference; lastKnownFileType = sourcecode.c.h; path = ViewController.h; sourceTree = "<group>"; };
		D2CCBE7B1DB4932C00A0304B /* ViewController.m */ = {isa = PBXFileReference; lastKnownFileType = sourcecode.c.objc; path = ViewController.m; sourceTree = "<group>"; };
		D2CCBE7E1DB4932C00A0304B /* Base */ = {isa = PBXFileReference; lastKnownFileType = file.storyboard; name = Base; path = Base.lproj/Main.storyboard; sourceTree = "<group>"; };
		D2CCBE811DB4932C00A0304B /* Login.xcdatamodel */ = {isa = PBXFileReference; lastKnownFileType = wrapper.xcdatamodel; path = Login.xcdatamodel; sourceTree = "<group>"; };
		D2CCBE831DB4932C00A0304B /* Assets.xcassets */ = {isa = PBXFileReference; lastKnownFileType = folder.assetcatalog; path = Assets.xcassets; sourceTree = "<group>"; };
		D2CCBE861DB4932C00A0304B /* Base */ = {isa = PBXFileReference; lastKnownFileType = file.storyboard; name = Base; path = Base.lproj/LaunchScreen.storyboard; sourceTree = "<group>"; };
		D2CCBE881DB4932C00A0304B /* Info.plist */ = {isa = PBXFileReference; lastKnownFileType = text.plist.xml; path = Info.plist; sourceTree = "<group>"; };
		D2CCBE8D1DB4932C00A0304B /* LoginTests.xctest */ = {isa = PBXFileReference; explicitFileType = wrapper.cfbundle; includeInIndex = 0; path = LoginTests.xctest; sourceTree = BUILT_PRODUCTS_DIR; };
		D2CCBE911DB4932C00A0304B /* LoginTests.m */ = {isa = PBXFileReference; lastKnownFileType = sourcecode.c.objc; path = LoginTests.m; sourceTree = "<group>"; };
		D2CCBE931DB4932C00A0304B /* Info.plist */ = {isa = PBXFileReference; lastKnownFileType = text.plist.xml; path = Info.plist; sourceTree = "<group>"; };
		D2CCBE981DB4932C00A0304B /* LoginUITests.xctest */ = {isa = PBXFileReference; explicitFileType = wrapper.cfbundle; includeInIndex = 0; path = LoginUITests.xctest; sourceTree = BUILT_PRODUCTS_DIR; };
		D2CCBE9C1DB4932C00A0304B /* LoginUITests.m */ = {isa = PBXFileReference; lastKnownFileType = sourcecode.c.objc; path = LoginUITests.m; sourceTree = "<group>"; };
		D2CCBE9E1DB4932C00A0304B /* Info.plist */ = {isa = PBXFileReference; lastKnownFileType = text.plist.xml; path = Info.plist; sourceTree = "<group>"; };
		D2CCBEAA1DB4A5D900A0304B /* login.h */ = {isa = PBXFileReference; fileEncoding = 4; lastKnownFileType = sourcecode.c.h; path = login.h; sourceTree = "<group>"; };
		D2CCBEAB1DB4A5D900A0304B /* login.m */ = {isa = PBXFileReference; fileEncoding = 4; lastKnownFileType = sourcecode.c.objc; path = login.m; sourceTree = "<group>"; };
/* End PBXFileReference section */

/* Begin PBXFrameworksBuildPhase section */
		D2CCBE6E1DB4932B00A0304B /* Frameworks */ = {
			isa = PBXFrameworksBuildPhase;
			buildActionMask = 2147483647;
			files = (
			);
			runOnlyForDeploymentPostprocessing = 0;
		};
		D2CCBE8A1DB4932C00A0304B /* Frameworks */ = {
			isa = PBXFrameworksBuildPhase;
			buildActionMask = 2147483647;
			files = (
			);
			runOnlyForDeploymentPostprocessing = 0;
		};
		D2CCBE951DB4932C00A0304B /* Frameworks */ = {
			isa = PBXFrameworksBuildPhase;
			buildActionMask = 2147483647;
			files = (
			);
			runOnlyForDeploymentPostprocessing = 0;
		};
/* End PBXFrameworksBuildPhase section */

/* Begin PBXGroup section */
		D2CCBE681DB4932B00A0304B = {
			isa = PBXGroup;
			children = (
				D2CCBE731DB4932B00A0304B /* Login */,
				D2CCBE901DB4932C00A0304B /* LoginTests */,
				D2CCBE9B1DB4932C00A0304B /* LoginUITests */,
				D2CCBE721DB4932B00A0304B /* Products */,
			);
			sourceTree = "<group>";
		};
		D2CCBE721DB4932B00A0304B /* Products */ = {
			isa = PBXGroup;
			children = (
				D2CCBE711DB4932B00A0304B /* Login.app */,
				D2CCBE8D1DB4932C00A0304B /* LoginTests.xctest */,
				D2CCBE981DB4932C00A0304B /* LoginUITests.xctest */,
			);
			name = Products;
			sourceTree = "<group>";
		};
		D2CCBE731DB4932B00A0304B /* Login */ = {
			isa = PBXGroup;
			children = (
				D2CCBE771DB4932C00A0304B /* AppDelegate.h */,
				D2CCBE781DB4932C00A0304B /* AppDelegate.m */,
				D2CCBE7A1DB4932C00A0304B /* ViewController.h */,
				D2CCBE7B1DB4932C00A0304B /* ViewController.m */,
				D2CCBEAA1DB4A5D900A0304B /* login.h */,
				D2CCBEAB1DB4A5D900A0304B /* login.m */,
				D2CCBE7D1DB4932C00A0304B /* Main.storyboard */,
				D2CCBE831DB4932C00A0304B /* Assets.xcassets */,
				D2CCBE851DB4932C00A0304B /* LaunchScreen.storyboard */,
				3C148BC81DB5C82100A098E4 /* apple1.png */,
				D2CCBE881DB4932C00A0304B /* Info.plist */,
				D2CCBE801DB4932C00A0304B /* Login.xcdatamodeld */,
				D2CCBE741DB4932B00A0304B /* Supporting Files */,
			);
			path = Login;
			sourceTree = "<group>";
		};
		D2CCBE741DB4932B00A0304B /* Supporting Files */ = {
			isa = PBXGroup;
			children = (
				D2CCBE751DB4932B00A0304B /* main.m */,
			);
			name = "Supporting Files";
			sourceTree = "<group>";
		};
		D2CCBE901DB4932C00A0304B /* LoginTests */ = {
			isa = PBXGroup;
			children = (
				D2CCBE911DB4932C00A0304B /* LoginTests.m */,
				D2CCBE931DB4932C00A0304B /* Info.plist */,
			);
			path = LoginTests;
			sourceTree = "<group>";
		};
		D2CCBE9B1DB4932C00A0304B /* LoginUITests */ = {
			isa = PBXGroup;
			children = (
				D2CCBE9C1DB4932C00A0304B /* LoginUITests.m */,
				D2CCBE9E1DB4932C00A0304B /* Info.plist */,
			);
			path = LoginUITests;
			sourceTree = "<group>";
		};
/* End PBXGroup section */

/* Begin PBXNativeTarget section */
		D2CCBE701DB4932B00A0304B /* Login */ = {
			isa = PBXNativeTarget;
			buildConfigurationList = D2CCBEA11DB4932C00A0304B /* Build configuration list for PBXNativeTarget "Login" */;
			buildPhases = (
				D2CCBE6D1DB4932B00A0304B /* Sources */,
				D2CCBE6E1DB4932B00A0304B /* Frameworks */,
				D2CCBE6F1DB4932B00A0304B /* Resources */,
			);
			buildRules = (
			);
			dependencies = (
			);
			name = Login;
			productName = Login;
			productReference = D2CCBE711DB4932B00A0304B /* Login.app */;
			productType = "com.apple.product-type.application";
		};
		D2CCBE8C1DB4932C00A0304B /* LoginTests */ = {
			isa = PBXNativeTarget;
			buildConfigurationList = D2CCBEA41DB4932C00A0304B /* Build configuration list for PBXNativeTarget "LoginTests" */;
			buildPhases = (
				D2CCBE891DB4932C00A0304B /* Sources */,
				D2CCBE8A1DB4932C00A0304B /* Frameworks */,
				D2CCBE8B1DB4932C00A0304B /* Resources */,
			);
			buildRules = (
			);
			dependencies = (
				D2CCBE8F1DB4932C00A0304B /* PBXTargetDependency */,
			);
			name = LoginTests;
			productName = LoginTests;
			productReference = D2CCBE8D1DB4932C00A0304B /* LoginTests.xctest */;
			productType = "com.apple.product-type.bundle.unit-test";
		};
		D2CCBE971DB4932C00A0304B /* LoginUITests */ = {
			isa = PBXNativeTarget;
			buildConfigurationList = D2CCBEA71DB4932C00A0304B /* Build configuration list for PBXNativeTarget "LoginUITests" */;
			buildPhases = (
				D2CCBE941DB4932C00A0304B /* Sources */,
				D2CCBE951DB4932C00A0304B /* Frameworks */,
				D2CCBE961DB4932C00A0304B /* Resources */,
			);
			buildRules = (
			);
			dependencies = (
				D2CCBE9A1DB4932C00A0304B /* PBXTargetDependency */,
			);
			name = LoginUITests;
			productName = LoginUITests;
			productReference = D2CCBE981DB4932C00A0304B /* LoginUITests.xctest */;
			productType = "com.apple.product-type.bundle.ui-testing";
		};
/* End PBXNativeTarget section */

/* Begin PBXProject section */
		D2CCBE691DB4932B00A0304B /* Project object */ = {
			isa = PBXProject;
			attributes = {
				LastUpgradeCheck = 0730;
				ORGANIZATIONNAME = "arun pandiyan ";
				TargetAttributes = {
					D2CCBE701DB4932B00A0304B = {
						CreatedOnToolsVersion = 7.3.1;
					};
					D2CCBE8C1DB4932C00A0304B = {
						CreatedOnToolsVersion = 7.3.1;
						TestTargetID = D2CCBE701DB4932B00A0304B;
					};
					D2CCBE971DB4932C00A0304B = {
						CreatedOnToolsVersion = 7.3.1;
						TestTargetID = D2CCBE701DB4932B00A0304B;
					};
				};
			};
			buildConfigurationList = D2CCBE6C1DB4932B00A0304B /* Build configuration list for PBXProject "Login" */;
			compatibilityVersion = "Xcode 3.2";
			developmentRegion = English;
			hasScannedForEncodings = 0;
			knownRegions = (
				en,
				Base,
			);
			mainGroup = D2CCBE681DB4932B00A0304B;
			productRefGroup = D2CCBE721DB4932B00A0304B /* Products */;
			projectDirPath = "";
			projectRoot = "";
			targets = (
				D2CCBE701DB4932B00A0304B /* Login */,
				D2CCBE8C1DB4932C00A0304B /* LoginTests */,
				D2CCBE971DB4932C00A0304B /* LoginUITests */,
			);
		};
/* End PBXProject section */

/* Begin PBXResourcesBuildPhase section */
		D2CCBE6F1DB4932B00A0304B /* Resources */ = {
			isa = PBXResourcesBuildPhase;
			buildActionMask = 2147483647;
			files = (
				3C148BC91DB5C82100A098E4 /* apple1.png in Resources */,
				D2CCBE871DB4932C00A0304B /* LaunchScreen.storyboard in Resources */,
				D2CCBE841DB4932C00A0304B /* Assets.xcassets in Resources */,
				D2CCBE7F1DB4932C00A0304B /* Main.storyboard in Resources */,
			);
			runOnlyForDeploymentPostprocessing = 0;
		};
		D2CCBE8B1DB4932C00A0304B /* Resources */ = {
			isa = PBXResourcesBuildPhase;
			buildActionMask = 2147483647;
			files = (
			);
			runOnlyForDeploymentPostprocessing = 0;
		};
		D2CCBE961DB4932C00A0304B /* Resources */ = {
			isa = PBXResourcesBuildPhase;
			buildActionMask = 2147483647;
			files = (
			);
			runOnlyForDeploymentPostprocessing = 0;
		};
/* End PBXResourcesBuildPhase section */

/* Begin PBXSourcesBuildPhase section */
		D2CCBE6D1DB4932B00A0304B /* Sources */ = {
			isa = PBXSourcesBuildPhase;
			buildActionMask = 2147483647;
			files = (
				D2CCBE791DB4932C00A0304B /* AppDelegate.m in Sources */,
				D2CCBEAC1DB4A5D900A0304B /* login.m in Sources */,
				D2CCBE761DB4932B00A0304B /* main.m in Sources */,
				D2CCBE821DB4932C00A0304B /* Login.xcdatamodeld in Sources */,
				3CB165421DB4CCD2000B3E9C /* ViewController.m in Sources */,
			);
			runOnlyForDeploymentPostprocessing = 0;
		};
		D2CCBE891DB4932C00A0304B /* Sources */ = {
			isa = PBXSourcesBuildPhase;
			buildActionMask = 2147483647;
			files = (
				D2CCBE921DB4932C00A0304B /* LoginTests.m in Sources */,
			);
			runOnlyForDeploymentPostprocessing = 0;
		};
		D2CCBE941DB4932C00A0304B /* Sources */ = {
			isa = PBXSourcesBuildPhase;
			buildActionMask = 2147483647;
			files = (
				D2CCBE9D1DB4932C00A0304B /* LoginUITests.m in Sources */,
			);
			runOnlyForDeploymentPostprocessing = 0;
		};
/* End PBXSourcesBuildPhase section */

/* Begin PBXTargetDependency section */
		D2CCBE8F1DB4932C00A0304B /* PBXTargetDependency */ = {
			isa = PBXTargetDependency;
			target = D2CCBE701DB4932B00A0304B /* Login */;
			targetProxy = D2CCBE8E1DB4932C00A0304B /* PBXContainerItemProxy */;
		};
		D2CCBE9A1DB4932C00A0304B /* PBXTargetDependency */ = {
			isa = PBXTargetDependency;
			target = D2CCBE701DB4932B00A0304B /* Login */;
			targetProxy = D2CCBE991DB4932C00A0304B /* PBXContainerItemProxy */;
		};
/* End PBXTargetDependency section */

/* Begin PBXVariantGroup section */
		D2CCBE7D1DB4932C00A0304B /* Main.storyboard */ = {
			isa = PBXVariantGroup;
			children = (
				D2CCBE7E1DB4932C00A0304B /* Base */,
			);
			name = Main.storyboard;
			sourceTree = "<group>";
		};
		D2CCBE851DB4932C00A0304B /* LaunchScreen.storyboard */ = {
			isa = PBXVariantGroup;
			children = (
				D2CCBE861DB4932C00A0304B /* Base */,
			);
			name = LaunchScreen.storyboard;
			sourceTree = "<group>";
		};
/* End PBXVariantGroup section */

/* Begin XCBuildConfiguration section */
		D2CCBE9F1DB4932C00A0304B /* Debug */ = {
			isa = XCBuildConfiguration;
			buildSettings = {
				ALWAYS_SEARCH_USER_PATHS = NO;
				CLANG_ANALYZER_NONNULL = YES;
				CLANG_CXX_LANGUAGE_STANDARD = "gnu++0x";
				CLANG_CXX_LIBRARY = "libc++";
				CLANG_ENABLE_MODULES = YES;
				CLANG_ENABLE_OBJC_ARC = YES;
				CLANG_WARN_BOOL_CONVERSION = YES;
				CLANG_WARN_CONSTANT_CONVERSION = YES;
				CLANG_WARN_DIRECT_OBJC_ISA_USAGE = YES_ERROR;
				CLANG_WARN_EMPTY_BODY = YES;
				CLANG_WARN_ENUM_CONVERSION = YES;
				CLANG_WARN_INT_CONVERSION = YES;
				CLANG_WARN_OBJC_ROOT_CLASS = YES_ERROR;
				CLANG_WARN_UNREACHABLE_CODE = YES;
				CLANG_WARN__DUPLICATE_METHOD_MATCH = YES;
				"CODE_SIGN_IDENTITY[sdk=iphoneos*]" = "iPhone Developer";
				COPY_PHASE_STRIP = NO;
				DEBUG_INFORMATION_FORMAT = dwarf;
				ENABLE_STRICT_OBJC_MSGSEND = YES;
				ENABLE_TESTABILITY = YES;
				GCC_C_LANGUAGE_STANDARD = gnu99;
				GCC_DYNAMIC_NO_PIC = NO;
				GCC_NO_COMMON_BLOCKS = YES;
				GCC_OPTIMIZATION_LEVEL = 0;
				GCC_PREPROCESSOR_DEFINITIONS = (
					"DEBUG=1",
					"$(inherited)",
				);
				GCC_WARN_64_TO_32_BIT_CONVERSION = YES;
				GCC_WARN_ABOUT_RETURN_TYPE = YES_ERROR;
				GCC_WARN_UNDECLARED_SELECTOR = YES;
				GCC_WARN_UNINITIALIZED_AUTOS = YES_AGGRESSIVE;
				GCC_WARN_UNUSED_FUNCTION = YES;
				GCC_WARN_UNUSED_VARIABLE = YES;
				IPHONEOS_DEPLOYMENT_TARGET = 9.3;
				MTL_ENABLE_DEBUG_INFO = YES;
				ONLY_ACTIVE_ARCH = YES;
				SDKROOT = iphoneos;
			};
			name = Debug;
		};
		D2CCBEA01DB4932C00A0304B /* Release */ = {
			isa = XCBuildConfiguration;
			buildSettings = {
				ALWAYS_SEARCH_USER_PATHS = NO;
				CLANG_ANALYZER_NONNULL = YES;
				CLANG_CXX_LANGUAGE_STANDARD = "gnu++0x";
				CLANG_CXX_LIBRARY = "libc++";
				CLANG_ENABLE_MODULES = YES;
				CLANG_ENABLE_OBJC_ARC = YES;
				CLANG_WARN_BOOL_CONVERSION = YES;
				CLANG_WARN_CONSTANT_CONVERSION = YES;
				CLANG_WARN_DIRECT_OBJC_ISA_USAGE = YES_ERROR;
				CLANG_WARN_EMPTY_BODY = YES;
				CLANG_WARN_ENUM_CONVERSION = YES;
				CLANG_WARN_INT_CONVERSION = YES;
				CLANG_WARN_OBJC_ROOT_CLASS = YES_ERROR;
				CLANG_WARN_UNREACHABLE_CODE = YES;
				CLANG_WARN__DUPLICATE_METHOD_MATCH = YES;
				"CODE_SIGN_IDENTITY[sdk=iphoneos*]" = "iPhone Developer";
				COPY_PHASE_STRIP = NO;
				DEBUG_INFORMATION_FORMAT = "dwarf-with-dsym";
				ENABLE_NS_ASSERTIONS = NO;
				ENABLE_STRICT_OBJC_MSGSEND = YES;
				GCC_C_LANGUAGE_STANDARD = gnu99;
				GCC_NO_COMMON_BLOCKS = YES;
				GCC_WARN_64_TO_32_BIT_CONVERSION = YES;
				GCC_WARN_ABOUT_RETURN_TYPE = YES_ERROR;
				GCC_WARN_UNDECLARED_SELECTOR = YES;
				GCC_WARN_UNINITIALIZED_AUTOS = YES_AGGRESSIVE;
				GCC_WARN_UNUSED_FUNCTION = YES;
				GCC_WARN_UNUSED_VARIABLE = YES;
				IPHONEOS_DEPLOYMENT_TARGET = 9.3;
				MTL_ENABLE_DEBUG_INFO = NO;
				SDKROOT = iphoneos;
				VALIDATE_PRODUCT = YES;
			};
			name = Release;
		};
		D2CCBEA21DB4932C00A0304B /* Debug */ = {
			isa = XCBuildConfiguration;
			buildSettings = {
				ASSETCATALOG_COMPILER_APPICON_NAME = AppIcon;
				INFOPLIST_FILE = Login/Info.plist;
				LD_RUNPATH_SEARCH_PATHS = "$(inherited) @executable_path/Frameworks";
				PRODUCT_BUNDLE_IDENTIFIER = arunpandiyan.Login;
				PRODUCT_NAME = "$(TARGET_NAME)";
			};
			name = Debug;
		};
		D2CCBEA31DB4932C00A0304B /* Release */ = {
			isa = XCBuildConfiguration;
			buildSettings = {
				ASSETCATALOG_COMPILER_APPICON_NAME = AppIcon;
				INFOPLIST_FILE = Login/Info.plist;
				LD_RUNPATH_SEARCH_PATHS = "$(inherited) @executable_path/Frameworks";
				PRODUCT_BUNDLE_IDENTIFIER = arunpandiyan.Login;
				PRODUCT_NAME = "$(TARGET_NAME)";
			};
			name = Release;
		};
		D2CCBEA51DB4932C00A0304B /* Debug */ = {
			isa = XCBuildConfiguration;
			buildSettings = {
				BUNDLE_LOADER = "$(TEST_HOST)";
				INFOPLIST_FILE = LoginTests/Info.plist;
				LD_RUNPATH_SEARCH_PATHS = "$(inherited) @executable_path/Frameworks @loader_path/Frameworks";
				PRODUCT_BUNDLE_IDENTIFIER = arunpandiyan.LoginTests;
				PRODUCT_NAME = "$(TARGET_NAME)";
				TEST_HOST = "$(BUILT_PRODUCTS_DIR)/Login.app/Login";
			};
			name = Debug;
		};
		D2CCBEA61DB4932C00A0304B /* Release */ = {
			isa = XCBuildConfiguration;
			buildSettings = {
				BUNDLE_LOADER = "$(TEST_HOST)";
				INFOPLIST_FILE = LoginTests/Info.plist;
				LD_RUNPATH_SEARCH_PATHS = "$(inherited) @executable_path/Frameworks @loader_path/Frameworks";
				PRODUCT_BUNDLE_IDENTIFIER = arunpandiyan.LoginTests;
				PRODUCT_NAME = "$(TARGET_NAME)";
				TEST_HOST = "$(BUILT_PRODUCTS_DIR)/Login.app/Login";
			};
			name = Release;
		};
		D2CCBEA81DB4932C00A0304B /* Debug */ = {
			isa = XCBuildConfiguration;
			buildSettings = {
				INFOPLIST_FILE = LoginUITests/Info.plist;
				LD_RUNPATH_SEARCH_PATHS = "$(inherited) @executable_path/Frameworks @loader_path/Frameworks";
				PRODUCT_BUNDLE_IDENTIFIER = arunpandiyan.LoginUITests;
				PRODUCT_NAME = "$(TARGET_NAME)";
				TEST_TARGET_NAME = Login;
			};
			name = Debug;
		};
		D2CCBEA91DB4932C00A0304B /* Release */ = {
			isa = XCBuildConfiguration;
			buildSettings = {
				INFOPLIST_FILE = LoginUITests/Info.plist;
				LD_RUNPATH_SEARCH_PATHS = "$(inherited) @executable_path/Frameworks @loader_path/Frameworks";
				PRODUCT_BUNDLE_IDENTIFIER = arunpandiyan.LoginUITests;
				PRODUCT_NAME = "$(TARGET_NAME)";
				TEST_TARGET_NAME = Login;
			};
			name = Release;
		};
/* End XCBuildConfiguration section */

/* Begin XCConfigurationList section */
		D2CCBE6C1DB4932B00A0304B /* Build configuration list for PBXProject "Login" */ = {
			isa = XCConfigurationList;
			buildConfigurations = (
				D2CCBE9F1DB4932C00A0304B /* Debug */,
				D2CCBEA01DB4932C00A0304B /* Release */,
			);
			defaultConfigurationIsVisible = 0;
			defaultConfigurationName = Release;
		};
		D2CCBEA11DB4932C00A0304B /* Build configuration list for PBXNativeTarget "Login" */ = {
			isa = XCConfigurationList;
			buildConfigurations = (
				D2CCBEA21DB4932C00A0304B /* Debug */,
				D2CCBEA31DB4932C00A0304B /* Release */,
			);
			defaultConfigurationIsVisible = 0;
			defaultConfigurationName = Release;
		};
		D2CCBEA41DB4932C00A0304B /* Build configuration list for PBXNativeTarget "LoginTests" */ = {
			isa = XCConfigurationList;
			buildConfigurations = (
				D2CCBEA51DB4932C00A0304B /* Debug */,
				D2CCBEA61DB4932C00A0304B /* Release */,
			);
			defaultConfigurationIsVisible = 0;
			defaultConfigurationName = Release;
		};
		D2CCBEA71DB4932C00A0304B /* Build configuration list for PBXNativeTarget "LoginUITests" */ = {
			isa = XCConfigurationList;
			buildConfigurations = (
				D2CCBEA81DB4932C00A0304B /* Debug */,
				D2CCBEA91DB4932C00A0304B /* Release */,
			);
			defaultConfigurationIsVisible = 0;
			defaultConfigurationName = Release;
		};
/* End XCConfigurationList section */

/* Begin XCVersionGroup section */
		D2CCBE801DB4932C00A0304B /* Login.xcdatamodeld */ = {
			isa = XCVersionGroup;
			children = (
				D2CCBE811DB4932C00A0304B /* Login.xcdatamodel */,
			);
			currentVersion = D2CCBE811DB4932C00A0304B /* Login.xcdatamodel */;
			path = Login.xcdatamodeld;
			sourceTree = "<group>";
			versionGroupType = wrapper.xcdatamodel;
		};
/* End XCVersionGroup section */
	};
	rootObject = D2CCBE691DB4932B00A0304B /* Project object */;
}
